
Microsoft Visual Studio Solution File, Format Version 12.00
# Visual Studio Version 17
VisualStudioVersion = 17.3.32825.248
MinimumVisualStudioVersion = 10.0.40219.1
Project("{FAE04EC0-301F-11D3-BF4B-00C04F79EFBC}") = "BlackJack", "BlackJack\BlackJack.csproj", "{5528ED62-591D-42D4-B50B-C758F6E0E3DC}"
EndProject
Global
	GlobalSection(SolutionConfigurationPlatforms) = preSolution
		Debug|Any CPU = Debug|Any CPU
		Release|Any CPU = Release|Any CPU
	EndGlobalSection
	GlobalSection(ProjectConfigurationPlatforms) = postSolution
		{5528ED62-591D-42D4-B50B-C758F6E0E3DC}.Debug|Any CPU.ActiveCfg = Debug|Any CPU
		{5528ED62-591D-42D4-B50B-C758F6E0E3DC}.Debug|Any CPU.Build.0 = Debug|Any CPU
		{5528ED62-591D-42D4-B50B-C758F6E0E3DC}.Release|Any CPU.ActiveCfg = Release|Any CPU
		{5528ED62-591D-42D4-B50B-C758F6E0E3DC}.Release|Any CPU.Build.0 = Release|Any CPU
	EndGlobalSection
	GlobalSection(SolutionProperties) = preSolution
		HideSolutionNode = FALSE
	EndGlobalSection
	GlobalSection(ExtensibilityGlobals) = postSolution
		SolutionGuid = {4BA58D8B-C7EA-4E60-8151-B1DD0A8239F5}
	EndGlobalSection
EndGlobal
